// !$*UTF8*$!
{
	archiveVersion = 1;
	classes = {
	};
	objectVersion = 56;
	objects = {

/* Begin PBXBuildFile section */
		C41D7FAD2B5D149700D3F78A /* HabitOrIrregularViewController.swift in Sources */ = {isa = PBXBuildFile; fileRef = C41D7FAC2B5D149700D3F78A /* HabitOrIrregularViewController.swift */; };
		C41D7FAF2B5D153800D3F78A /* HabitViewController.swift in Sources */ = {isa = PBXBuildFile; fileRef = C41D7FAE2B5D153800D3F78A /* HabitViewController.swift */; };
		C41D7FB22B5D15C300D3F78A /* IrregularEventViewController.swift in Sources */ = {isa = PBXBuildFile; fileRef = C41D7FB12B5D15C300D3F78A /* IrregularEventViewController.swift */; };
		C41D7FB42B5D160900D3F78A /* HabitCell.swift in Sources */ = {isa = PBXBuildFile; fileRef = C41D7FB32B5D160900D3F78A /* HabitCell.swift */; };
		C41D7FB62B5D161200D3F78A /* IrregularEventCell.swift in Sources */ = {isa = PBXBuildFile; fileRef = C41D7FB52B5D161200D3F78A /* IrregularEventCell.swift */; };
		C41D7FB82B5D2F1700D3F78A /* TrackerViewCell.swift in Sources */ = {isa = PBXBuildFile; fileRef = C41D7FB72B5D2F1700D3F78A /* TrackerViewCell.swift */; };
		C41D7FBA2B5D2FE200D3F78A /* CellModel.swift in Sources */ = {isa = PBXBuildFile; fileRef = C41D7FB92B5D2FE200D3F78A /* CellModel.swift */; };
		C44DEA9B2B4F09D700EB1F52 /* AppDelegate.swift in Sources */ = {isa = PBXBuildFile; fileRef = C44DEA9A2B4F09D700EB1F52 /* AppDelegate.swift */; };
		C44DEA9D2B4F09D700EB1F52 /* SceneDelegate.swift in Sources */ = {isa = PBXBuildFile; fileRef = C44DEA9C2B4F09D700EB1F52 /* SceneDelegate.swift */; };
		C44DEA9F2B4F09D700EB1F52 /* TabBarViewController.swift in Sources */ = {isa = PBXBuildFile; fileRef = C44DEA9E2B4F09D700EB1F52 /* TabBarViewController.swift */; };
		C44DEAA42B4F09DA00EB1F52 /* Assets.xcassets in Resources */ = {isa = PBXBuildFile; fileRef = C44DEAA32B4F09DA00EB1F52 /* Assets.xcassets */; };
		C44DEAA72B4F09DA00EB1F52 /* LaunchScreen.storyboard in Resources */ = {isa = PBXBuildFile; fileRef = C44DEAA52B4F09DA00EB1F52 /* LaunchScreen.storyboard */; };
		C44DEAB02B50525E00EB1F52 /* TrackersViewController.swift in Sources */ = {isa = PBXBuildFile; fileRef = C44DEAAF2B50525E00EB1F52 /* TrackersViewController.swift */; };
		C44DEAB22B5053C500EB1F52 /* StatisticsViewController.swift in Sources */ = {isa = PBXBuildFile; fileRef = C44DEAB12B5053C500EB1F52 /* StatisticsViewController.swift */; };
		C4E66D862B57DABD007BF009 /* Tracker.swift in Sources */ = {isa = PBXBuildFile; fileRef = C4E66D852B57DABD007BF009 /* Tracker.swift */; };
		C4E66D882B57DACE007BF009 /* TrackerCategory.swift in Sources */ = {isa = PBXBuildFile; fileRef = C4E66D872B57DACE007BF009 /* TrackerCategory.swift */; };
		C4E66D8A2B57DAD9007BF009 /* TrackerRecord.swift in Sources */ = {isa = PBXBuildFile; fileRef = C4E66D892B57DAD9007BF009 /* TrackerRecord.swift */; };
/* End PBXBuildFile section */

/* Begin PBXFileReference section */
		C41D7FAC2B5D149700D3F78A /* HabitOrIrregularViewController.swift */ = {isa = PBXFileReference; lastKnownFileType = sourcecode.swift; path = HabitOrIrregularViewController.swift; sourceTree = "<group>"; };
		C41D7FAE2B5D153800D3F78A /* HabitViewController.swift */ = {isa = PBXFileReference; lastKnownFileType = sourcecode.swift; path = HabitViewController.swift; sourceTree = "<group>"; };
		C41D7FB12B5D15C300D3F78A /* IrregularEventViewController.swift */ = {isa = PBXFileReference; lastKnownFileType = sourcecode.swift; path = IrregularEventViewController.swift; sourceTree = "<group>"; };
		C41D7FB32B5D160900D3F78A /* HabitCell.swift */ = {isa = PBXFileReference; lastKnownFileType = sourcecode.swift; path = HabitCell.swift; sourceTree = "<group>"; };
		C41D7FB52B5D161200D3F78A /* IrregularEventCell.swift */ = {isa = PBXFileReference; lastKnownFileType = sourcecode.swift; path = IrregularEventCell.swift; sourceTree = "<group>"; };
		C41D7FB72B5D2F1700D3F78A /* TrackerViewCell.swift */ = {isa = PBXFileReference; lastKnownFileType = sourcecode.swift; path = TrackerViewCell.swift; sourceTree = "<group>"; };
		C41D7FB92B5D2FE200D3F78A /* CellModel.swift */ = {isa = PBXFileReference; lastKnownFileType = sourcecode.swift; path = CellModel.swift; sourceTree = "<group>"; };
		C44DEA972B4F09D700EB1F52 /* Tracker.app */ = {isa = PBXFileReference; explicitFileType = wrapper.application; includeInIndex = 0; path = Tracker.app; sourceTree = BUILT_PRODUCTS_DIR; };
		C44DEA9A2B4F09D700EB1F52 /* AppDelegate.swift */ = {isa = PBXFileReference; lastKnownFileType = sourcecode.swift; path = AppDelegate.swift; sourceTree = "<group>"; };
		C44DEA9C2B4F09D700EB1F52 /* SceneDelegate.swift */ = {isa = PBXFileReference; lastKnownFileType = sourcecode.swift; path = SceneDelegate.swift; sourceTree = "<group>"; };
		C44DEA9E2B4F09D700EB1F52 /* TabBarViewController.swift */ = {isa = PBXFileReference; lastKnownFileType = sourcecode.swift; path = TabBarViewController.swift; sourceTree = "<group>"; };
		C44DEAA32B4F09DA00EB1F52 /* Assets.xcassets */ = {isa = PBXFileReference; lastKnownFileType = folder.assetcatalog; path = Assets.xcassets; sourceTree = "<group>"; };
		C44DEAA62B4F09DA00EB1F52 /* Base */ = {isa = PBXFileReference; lastKnownFileType = file.storyboard; name = Base; path = Base.lproj/LaunchScreen.storyboard; sourceTree = "<group>"; };
		C44DEAA82B4F09DA00EB1F52 /* Info.plist */ = {isa = PBXFileReference; lastKnownFileType = text.plist.xml; path = Info.plist; sourceTree = "<group>"; };
		C44DEAAF2B50525E00EB1F52 /* TrackersViewController.swift */ = {isa = PBXFileReference; lastKnownFileType = sourcecode.swift; path = TrackersViewController.swift; sourceTree = "<group>"; };
		C44DEAB12B5053C500EB1F52 /* StatisticsViewController.swift */ = {isa = PBXFileReference; lastKnownFileType = sourcecode.swift; path = StatisticsViewController.swift; sourceTree = "<group>"; };
		C4E66D852B57DABD007BF009 /* Tracker.swift */ = {isa = PBXFileReference; lastKnownFileType = sourcecode.swift; path = Tracker.swift; sourceTree = "<group>"; };
		C4E66D872B57DACE007BF009 /* TrackerCategory.swift */ = {isa = PBXFileReference; lastKnownFileType = sourcecode.swift; path = TrackerCategory.swift; sourceTree = "<group>"; };
		C4E66D892B57DAD9007BF009 /* TrackerRecord.swift */ = {isa = PBXFileReference; lastKnownFileType = sourcecode.swift; path = TrackerRecord.swift; sourceTree = "<group>"; };
/* End PBXFileReference section */

/* Begin PBXFrameworksBuildPhase section */
		C44DEA942B4F09D700EB1F52 /* Frameworks */ = {
			isa = PBXFrameworksBuildPhase;
			buildActionMask = 2147483647;
			files = (
			);
			runOnlyForDeploymentPostprocessing = 0;
		};
/* End PBXFrameworksBuildPhase section */

/* Begin PBXGroup section */
		C41D7FB02B5D157500D3F78A /* Cell */ = {
			isa = PBXGroup;
			children = (
				C41D7FB32B5D160900D3F78A /* HabitCell.swift */,
				C41D7FB52B5D161200D3F78A /* IrregularEventCell.swift */,
			);
			path = Cell;
			sourceTree = "<group>";
		};
		C44DEA8E2B4F09D700EB1F52 = {
			isa = PBXGroup;
			children = (
				C44DEA992B4F09D700EB1F52 /* Tracker */,
				C44DEA982B4F09D700EB1F52 /* Products */,
			);
			sourceTree = "<group>";
		};
		C44DEA982B4F09D700EB1F52 /* Products */ = {
			isa = PBXGroup;
			children = (
				C44DEA972B4F09D700EB1F52 /* Tracker.app */,
			);
			name = Products;
			sourceTree = "<group>";
		};
		C44DEA992B4F09D700EB1F52 /* Tracker */ = {
			isa = PBXGroup;
			children = (
				C4E66D8B2B57DE2E007BF009 /* General */,
				C4E66D842B57DA9A007BF009 /* Models */,
				C44DEAAE2B50350200EB1F52 /* ViewControllers */,
				C41D7FB02B5D157500D3F78A /* Cell */,
				C44DEAA32B4F09DA00EB1F52 /* Assets.xcassets */,
			);
			path = Tracker;
			sourceTree = "<group>";
		};
		C44DEAAE2B50350200EB1F52 /* ViewControllers */ = {
			isa = PBXGroup;
			children = (
				C44DEA9E2B4F09D700EB1F52 /* TabBarViewController.swift */,
				C44DEAAF2B50525E00EB1F52 /* TrackersViewController.swift */,
				C41D7FB72B5D2F1700D3F78A /* TrackerViewCell.swift */,
				C44DEAB12B5053C500EB1F52 /* StatisticsViewController.swift */,
				C41D7FAC2B5D149700D3F78A /* HabitOrIrregularViewController.swift */,
				C41D7FAE2B5D153800D3F78A /* HabitViewController.swift */,
				C41D7FB12B5D15C300D3F78A /* IrregularEventViewController.swift */,
			);
			path = ViewControllers;
			sourceTree = "<group>";
		};
		C4E66D842B57DA9A007BF009 /* Models */ = {
			isa = PBXGroup;
			children = (
				C41D7FB92B5D2FE200D3F78A /* CellModel.swift */,
				C4E66D852B57DABD007BF009 /* Tracker.swift */,
				C4E66D872B57DACE007BF009 /* TrackerCategory.swift */,
				C4E66D892B57DAD9007BF009 /* TrackerRecord.swift */,
			);
			path = Models;
			sourceTree = "<group>";
		};
		C4E66D8B2B57DE2E007BF009 /* General */ = {
			isa = PBXGroup;
			children = (
				C44DEA9A2B4F09D700EB1F52 /* AppDelegate.swift */,
				C44DEA9C2B4F09D700EB1F52 /* SceneDelegate.swift */,
				C44DEAA52B4F09DA00EB1F52 /* LaunchScreen.storyboard */,
				C44DEAA82B4F09DA00EB1F52 /* Info.plist */,
			);
			path = General;
			sourceTree = "<group>";
		};
/* End PBXGroup section */

/* Begin PBXNativeTarget section */
		C44DEA962B4F09D700EB1F52 /* Tracker */ = {
			isa = PBXNativeTarget;
			buildConfigurationList = C44DEAAB2B4F09DA00EB1F52 /* Build configuration list for PBXNativeTarget "Tracker" */;
			buildPhases = (
				C44DEA932B4F09D700EB1F52 /* Sources */,
				C44DEA942B4F09D700EB1F52 /* Frameworks */,
				C44DEA952B4F09D700EB1F52 /* Resources */,
			);
			buildRules = (
			);
			dependencies = (
			);
			name = Tracker;
			productName = Tracker;
			productReference = C44DEA972B4F09D700EB1F52 /* Tracker.app */;
			productType = "com.apple.product-type.application";
		};
/* End PBXNativeTarget section */

/* Begin PBXProject section */
		C44DEA8F2B4F09D700EB1F52 /* Project object */ = {
			isa = PBXProject;
			attributes = {
				BuildIndependentTargetsInParallel = 1;
				LastSwiftUpdateCheck = 1500;
				LastUpgradeCheck = 1500;
				TargetAttributes = {
					C44DEA962B4F09D700EB1F52 = {
						CreatedOnToolsVersion = 15.0;
					};
				};
			};
			buildConfigurationList = C44DEA922B4F09D700EB1F52 /* Build configuration list for PBXProject "Tracker" */;
			compatibilityVersion = "Xcode 14.0";
			developmentRegion = en;
			hasScannedForEncodings = 0;
			knownRegions = (
				en,
				Base,
			);
			mainGroup = C44DEA8E2B4F09D700EB1F52;
			productRefGroup = C44DEA982B4F09D700EB1F52 /* Products */;
			projectDirPath = "";
			projectRoot = "";
			targets = (
				C44DEA962B4F09D700EB1F52 /* Tracker */,
			);
		};
/* End PBXProject section */

/* Begin PBXResourcesBuildPhase section */
		C44DEA952B4F09D700EB1F52 /* Resources */ = {
			isa = PBXResourcesBuildPhase;
			buildActionMask = 2147483647;
			files = (
				C44DEAA72B4F09DA00EB1F52 /* LaunchScreen.storyboard in Resources */,
				C44DEAA42B4F09DA00EB1F52 /* Assets.xcassets in Resources */,
			);
			runOnlyForDeploymentPostprocessing = 0;
		};
/* End PBXResourcesBuildPhase section */

/* Begin PBXSourcesBuildPhase section */
		C44DEA932B4F09D700EB1F52 /* Sources */ = {
			isa = PBXSourcesBuildPhase;
			buildActionMask = 2147483647;
			files = (
				C4E66D862B57DABD007BF009 /* Tracker.swift in Sources */,
				C4E66D8A2B57DAD9007BF009 /* TrackerRecord.swift in Sources */,
				C41D7FB42B5D160900D3F78A /* HabitCell.swift in Sources */,
				C41D7FB22B5D15C300D3F78A /* IrregularEventViewController.swift in Sources */,
				C41D7FAF2B5D153800D3F78A /* HabitViewController.swift in Sources */,
				C44DEA9F2B4F09D700EB1F52 /* TabBarViewController.swift in Sources */,
				C44DEAB22B5053C500EB1F52 /* StatisticsViewController.swift in Sources */,
				C44DEAB02B50525E00EB1F52 /* TrackersViewController.swift in Sources */,
				C41D7FBA2B5D2FE200D3F78A /* CellModel.swift in Sources */,
				C41D7FAD2B5D149700D3F78A /* HabitOrIrregularViewController.swift in Sources */,
				C41D7FB82B5D2F1700D3F78A /* TrackerViewCell.swift in Sources */,
				C44DEA9B2B4F09D700EB1F52 /* AppDelegate.swift in Sources */,
				C44DEA9D2B4F09D700EB1F52 /* SceneDelegate.swift in Sources */,
				C4E66D882B57DACE007BF009 /* TrackerCategory.swift in Sources */,
				C41D7FB62B5D161200D3F78A /* IrregularEventCell.swift in Sources */,
			);
			runOnlyForDeploymentPostprocessing = 0;
		};
/* End PBXSourcesBuildPhase section */

/* Begin PBXVariantGroup section */
		C44DEAA52B4F09DA00EB1F52 /* LaunchScreen.storyboard */ = {
			isa = PBXVariantGroup;
			children = (
				C44DEAA62B4F09DA00EB1F52 /* Base */,
			);
			name = LaunchScreen.storyboard;
			sourceTree = "<group>";
		};
/* End PBXVariantGroup section */

/* Begin XCBuildConfiguration section */
		C44DEAA92B4F09DA00EB1F52 /* Debug */ = {
			isa = XCBuildConfiguration;
			buildSettings = {
				ALWAYS_SEARCH_USER_PATHS = NO;
				ASSETCATALOG_COMPILER_GENERATE_SWIFT_ASSET_SYMBOL_EXTENSIONS = YES;
				CLANG_ANALYZER_NONNULL = YES;
				CLANG_ANALYZER_NUMBER_OBJECT_CONVERSION = YES_AGGRESSIVE;
				CLANG_CXX_LANGUAGE_STANDARD = "gnu++20";
				CLANG_ENABLE_MODULES = YES;
				CLANG_ENABLE_OBJC_ARC = YES;
				CLANG_ENABLE_OBJC_WEAK = YES;
				CLANG_WARN_BLOCK_CAPTURE_AUTORELEASING = YES;
				CLANG_WARN_BOOL_CONVERSION = YES;
				CLANG_WARN_COMMA = YES;
				CLANG_WARN_CONSTANT_CONVERSION = YES;
				CLANG_WARN_DEPRECATED_OBJC_IMPLEMENTATIONS = YES;
				CLANG_WARN_DIRECT_OBJC_ISA_USAGE = YES_ERROR;
				CLANG_WARN_DOCUMENTATION_COMMENTS = YES;
				CLANG_WARN_EMPTY_BODY = YES;
				CLANG_WARN_ENUM_CONVERSION = YES;
				CLANG_WARN_INFINITE_RECURSION = YES;
				CLANG_WARN_INT_CONVERSION = YES;
				CLANG_WARN_NON_LITERAL_NULL_CONVERSION = YES;
				CLANG_WARN_OBJC_IMPLICIT_RETAIN_SELF = YES;
				CLANG_WARN_OBJC_LITERAL_CONVERSION = YES;
				CLANG_WARN_OBJC_ROOT_CLASS = YES_ERROR;
				CLANG_WARN_QUOTED_INCLUDE_IN_FRAMEWORK_HEADER = YES;
				CLANG_WARN_RANGE_LOOP_ANALYSIS = YES;
				CLANG_WARN_STRICT_PROTOTYPES = YES;
				CLANG_WARN_SUSPICIOUS_MOVE = YES;
				CLANG_WARN_UNGUARDED_AVAILABILITY = YES_AGGRESSIVE;
				CLANG_WARN_UNREACHABLE_CODE = YES;
				CLANG_WARN__DUPLICATE_METHOD_MATCH = YES;
				COPY_PHASE_STRIP = NO;
				DEBUG_INFORMATION_FORMAT = dwarf;
				ENABLE_STRICT_OBJC_MSGSEND = YES;
				ENABLE_TESTABILITY = YES;
				ENABLE_USER_SCRIPT_SANDBOXING = YES;
				GCC_C_LANGUAGE_STANDARD = gnu17;
				GCC_DYNAMIC_NO_PIC = NO;
				GCC_NO_COMMON_BLOCKS = YES;
				GCC_OPTIMIZATION_LEVEL = 0;
				GCC_PREPROCESSOR_DEFINITIONS = (
					"DEBUG=1",
					"$(inherited)",
				);
				GCC_WARN_64_TO_32_BIT_CONVERSION = YES;
				GCC_WARN_ABOUT_RETURN_TYPE = YES_ERROR;
				GCC_WARN_UNDECLARED_SELECTOR = YES;
				GCC_WARN_UNINITIALIZED_AUTOS = YES_AGGRESSIVE;
				GCC_WARN_UNUSED_FUNCTION = YES;
				GCC_WARN_UNUSED_VARIABLE = YES;
				IPHONEOS_DEPLOYMENT_TARGET = 17.0;
				LOCALIZATION_PREFERS_STRING_CATALOGS = YES;
				MTL_ENABLE_DEBUG_INFO = INCLUDE_SOURCE;
				MTL_FAST_MATH = YES;
				ONLY_ACTIVE_ARCH = YES;
				SDKROOT = iphoneos;
				SWIFT_ACTIVE_COMPILATION_CONDITIONS = "DEBUG $(inherited)";
				SWIFT_OPTIMIZATION_LEVEL = "-Onone";
			};
			name = Debug;
		};
		C44DEAAA2B4F09DA00EB1F52 /* Release */ = {
			isa = XCBuildConfiguration;
			buildSettings = {
				ALWAYS_SEARCH_USER_PATHS = NO;
				ASSETCATALOG_COMPILER_GENERATE_SWIFT_ASSET_SYMBOL_EXTENSIONS = YES;
				CLANG_ANALYZER_NONNULL = YES;
				CLANG_ANALYZER_NUMBER_OBJECT_CONVERSION = YES_AGGRESSIVE;
				CLANG_CXX_LANGUAGE_STANDARD = "gnu++20";
				CLANG_ENABLE_MODULES = YES;
				CLANG_ENABLE_OBJC_ARC = YES;
				CLANG_ENABLE_OBJC_WEAK = YES;
				CLANG_WARN_BLOCK_CAPTURE_AUTORELEASING = YES;
				CLANG_WARN_BOOL_CONVERSION = YES;
				CLANG_WARN_COMMA = YES;
				CLANG_WARN_CONSTANT_CONVERSION = YES;
				CLANG_WARN_DEPRECATED_OBJC_IMPLEMENTATIONS = YES;
				CLANG_WARN_DIRECT_OBJC_ISA_USAGE = YES_ERROR;
				CLANG_WARN_DOCUMENTATION_COMMENTS = YES;
				CLANG_WARN_EMPTY_BODY = YES;
				CLANG_WARN_ENUM_CONVERSION = YES;
				CLANG_WARN_INFINITE_RECURSION = YES;
				CLANG_WARN_INT_CONVERSION = YES;
				CLANG_WARN_NON_LITERAL_NULL_CONVERSION = YES;
				CLANG_WARN_OBJC_IMPLICIT_RETAIN_SELF = YES;
				CLANG_WARN_OBJC_LITERAL_CONVERSION = YES;
				CLANG_WARN_OBJC_ROOT_CLASS = YES_ERROR;
				CLANG_WARN_QUOTED_INCLUDE_IN_FRAMEWORK_HEADER = YES;
				CLANG_WARN_RANGE_LOOP_ANALYSIS = YES;
				CLANG_WARN_STRICT_PROTOTYPES = YES;
				CLANG_WARN_SUSPICIOUS_MOVE = YES;
				CLANG_WARN_UNGUARDED_AVAILABILITY = YES_AGGRESSIVE;
				CLANG_WARN_UNREACHABLE_CODE = YES;
				CLANG_WARN__DUPLICATE_METHOD_MATCH = YES;
				COPY_PHASE_STRIP = NO;
				DEBUG_INFORMATION_FORMAT = "dwarf-with-dsym";
				ENABLE_NS_ASSERTIONS = NO;
				ENABLE_STRICT_OBJC_MSGSEND = YES;
				ENABLE_USER_SCRIPT_SANDBOXING = YES;
				GCC_C_LANGUAGE_STANDARD = gnu17;
				GCC_NO_COMMON_BLOCKS = YES;
				GCC_WARN_64_TO_32_BIT_CONVERSION = YES;
				GCC_WARN_ABOUT_RETURN_TYPE = YES_ERROR;
				GCC_WARN_UNDECLARED_SELECTOR = YES;
				GCC_WARN_UNINITIALIZED_AUTOS = YES_AGGRESSIVE;
				GCC_WARN_UNUSED_FUNCTION = YES;
				GCC_WARN_UNUSED_VARIABLE = YES;
				IPHONEOS_DEPLOYMENT_TARGET = 17.0;
				LOCALIZATION_PREFERS_STRING_CATALOGS = YES;
				MTL_ENABLE_DEBUG_INFO = NO;
				MTL_FAST_MATH = YES;
				SDKROOT = iphoneos;
				SWIFT_COMPILATION_MODE = wholemodule;
				VALIDATE_PRODUCT = YES;
			};
			name = Release;
		};
		C44DEAAC2B4F09DA00EB1F52 /* Debug */ = {
			isa = XCBuildConfiguration;
			buildSettings = {
				ASSETCATALOG_COMPILER_APPICON_NAME = AppIcon;
				ASSETCATALOG_COMPILER_GLOBAL_ACCENT_COLOR_NAME = AccentColor;
				CODE_SIGN_STYLE = Automatic;
				CURRENT_PROJECT_VERSION = 1;
				DEVELOPMENT_TEAM = Z8Z6N5YK7S;
				GENERATE_INFOPLIST_FILE = YES;
				INFOPLIST_FILE = Tracker/Info.plist;
				INFOPLIST_KEY_UIApplicationSupportsIndirectInputEvents = YES;
				INFOPLIST_KEY_UILaunchStoryboardName = LaunchScreen;
				INFOPLIST_KEY_UISupportedInterfaceOrientations_iPad = "UIInterfaceOrientationPortrait UIInterfaceOrientationPortraitUpsideDown UIInterfaceOrientationLandscapeLeft UIInterfaceOrientationLandscapeRight";
				INFOPLIST_KEY_UISupportedInterfaceOrientations_iPhone = "UIInterfaceOrientationPortrait UIInterfaceOrientationLandscapeLeft UIInterfaceOrientationLandscapeRight";
				IPHONEOS_DEPLOYMENT_TARGET = 13.4;
				LD_RUNPATH_SEARCH_PATHS = (
					"$(inherited)",
					"@executable_path/Frameworks",
				);
				MARKETING_VERSION = 1.0;
				PRODUCT_BUNDLE_IDENTIFIER = ru.Xiered.Tracker;
				PRODUCT_NAME = "$(TARGET_NAME)";
				SWIFT_EMIT_LOC_STRINGS = YES;
				SWIFT_VERSION = 5.0;
				TARGETED_DEVICE_FAMILY = "1,2";
			};
			name = Debug;
		};
		C44DEAAD2B4F09DA00EB1F52 /* Release */ = {
			isa = XCBuildConfiguration;
			buildSettings = {
				ASSETCATALOG_COMPILER_APPICON_NAME = AppIcon;
				ASSETCATALOG_COMPILER_GLOBAL_ACCENT_COLOR_NAME = AccentColor;
				CODE_SIGN_STYLE = Automatic;
				CURRENT_PROJECT_VERSION = 1;
				DEVELOPMENT_TEAM = Z8Z6N5YK7S;
				GENERATE_INFOPLIST_FILE = YES;
				INFOPLIST_FILE = Tracker/Info.plist;
				INFOPLIST_KEY_UIApplicationSupportsIndirectInputEvents = YES;
				INFOPLIST_KEY_UILaunchStoryboardName = LaunchScreen;
				INFOPLIST_KEY_UISupportedInterfaceOrientations_iPad = "UIInterfaceOrientationPortrait UIInterfaceOrientationPortraitUpsideDown UIInterfaceOrientationLandscapeLeft UIInterfaceOrientationLandscapeRight";
				INFOPLIST_KEY_UISupportedInterfaceOrientations_iPhone = "UIInterfaceOrientationPortrait UIInterfaceOrientationLandscapeLeft UIInterfaceOrientationLandscapeRight";
				IPHONEOS_DEPLOYMENT_TARGET = 13.4;
				LD_RUNPATH_SEARCH_PATHS = (
					"$(inherited)",
					"@executable_path/Frameworks",
				);
				MARKETING_VERSION = 1.0;
				PRODUCT_BUNDLE_IDENTIFIER = ru.Xiered.Tracker;
				PRODUCT_NAME = "$(TARGET_NAME)";
				SWIFT_EMIT_LOC_STRINGS = YES;
				SWIFT_VERSION = 5.0;
				TARGETED_DEVICE_FAMILY = "1,2";
			};
			name = Release;
		};
/* End XCBuildConfiguration section */

/* Begin XCConfigurationList section */
		C44DEA922B4F09D700EB1F52 /* Build configuration list for PBXProject "Tracker" */ = {
			isa = XCConfigurationList;
			buildConfigurations = (
				C44DEAA92B4F09DA00EB1F52 /* Debug */,
				C44DEAAA2B4F09DA00EB1F52 /* Release */,
			);
			defaultConfigurationIsVisible = 0;
			defaultConfigurationName = Release;
		};
		C44DEAAB2B4F09DA00EB1F52 /* Build configuration list for PBXNativeTarget "Tracker" */ = {
			isa = XCConfigurationList;
			buildConfigurations = (
				C44DEAAC2B4F09DA00EB1F52 /* Debug */,
				C44DEAAD2B4F09DA00EB1F52 /* Release */,
			);
			defaultConfigurationIsVisible = 0;
			defaultConfigurationName = Release;
		};
/* End XCConfigurationList section */
	};
	rootObject = C44DEA8F2B4F09D700EB1F52 /* Project object */;
}
